dependencies:
- name: ditto-operator
  repository: file://../../../ditto/charts/operator
  version: 0.1.0
- name: service-token-validator
  repository: oci://quay.io/ditto-external
  version: 0.2.1
- name: cert-manager
  repository: https://charts.jetstack.io
  version: v1.10.1
- name: strimzi-kafka-operator
  repository: https://strimzi.io/charts
  version: 0.44.0
- name: kafka
  repository: https://getditto.github.io/helm-charts/
  version: 0.3.5
- name: dummy-auth-webhook
  repository: oci://quay.io/ditto-external
  version: 0.1.1
- name: live-query-resource-controller
  repository: oci://quay.io/ditto-external
  version: 0.1.0-002c59
- name: kafka
  repository: https://getditto.github.io/helm-charts/
  version: 0.3.5
digest: sha256:c339f05abb1a9ec15d474bf62acd2e0054a3d3c6a6451ab904136c09d0b1990c
generated: "2025-01-10T17:20:20.622934-05:00"
