dependencies:
- name: hades
  repository: oci://quay.io/ditto-external
  version: 1.39.2-4b6e4e
- name: hydra-consul
  repository: oci://quay.io/ditto-external
  version: 0.1.0
- name: hydra-store
  repository: oci://quay.io/ditto-external
  version: 1.39.2-4b6e4e
- name: hydra-subscription
  repository: oci://quay.io/ditto-external
  version: 1.40.1
- name: service-token-validator
  repository: oci://quay.io/ditto-external
  version: 0.2.1
- name: cert-manager
  repository: https://charts.jetstack.io
  version: v1.10.1
- name: strimzi-kafka-operator
  repository: https://strimzi.io/charts
  version: 0.44.0
- name: kafka
  repository: https://getditto.github.io/helm-charts/
  version: 0.4.0
- name: dummy-auth-webhook
  repository: oci://quay.io/ditto-external
  version: 0.1.1
- name: live-query-resource-controller
  repository: oci://quay.io/ditto-external
  version: 0.1.0-002c59
- name: kafka
  repository: https://getditto.github.io/helm-charts/
  version: 0.4.0
digest: sha256:a8fe5a0ab8386e7b7ddab24d7379b2102f219f438cdfdd0bb77b39669d2438de
generated: "2025-03-21T16:42:05.239999-04:00"
