dependencies:
- name: ditto-operator
  repository: oci://quay.io/ditto-external
  version: 0.1.0
- name: service-token-validator
  repository: oci://quay.io/ditto-external
  version: 0.2.1
- name: cert-manager
  repository: https://charts.jetstack.io
  version: v1.10.1
- name: strimzi-kafka-operator
  repository: https://strimzi.io/charts
  version: 0.44.0
- name: kafka
  repository: https://getditto.github.io/helm-charts/
  version: 0.3.5
- name: dummy-auth-webhook
  repository: oci://quay.io/ditto-external
  version: 0.1.1
- name: live-query-resource-controller
  repository: oci://quay.io/ditto-external
  version: 0.1.0-002c59
- name: kafka
  repository: https://getditto.github.io/helm-charts/
  version: 0.3.5
digest: sha256:dc3b34380830ab4a9087ded2f0c8dad29072882c4e9e8c115a92790a71891f92
generated: "2025-01-24T15:39:29.614634-05:00"
